
Microsoft Visual Studio Solution File, Format Version 12.00
# Visual Studio Version 17
VisualStudioVersion = 17.0.31903.59
MinimumVisualStudioVersion = 10.0.40219.1
Project("{2150E333-8FDC-42A3-9474-1A3956D46DE8}") = "Services", "Services", "{AE7F1411-7F3D-4A86-8410-5F81E4A265FE}"
EndProject
Project("{2150E333-8FDC-42A3-9474-1A3956D46DE8}") = "Catalog", "Catalog", "{EBFE29A7-3463-4526-99CD-D4216B86B922}"
EndProject
Project("{FAE04EC0-301F-11D3-BF4B-00C04F79EFBC}") = "Catalog.API", "Services\Catalog\CatalogAPI\Catalog.API.csproj", "{17350816-C185-461A-B875-2745A5FA0113}"
EndProject
Global
	GlobalSection(SolutionConfigurationPlatforms) = preSolution
		Debug|Any CPU = Debug|Any CPU
		Release|Any CPU = Release|Any CPU
	EndGlobalSection
	GlobalSection(ProjectConfigurationPlatforms) = postSolution
		{17350816-C185-461A-B875-2745A5FA0113}.Debug|Any CPU.ActiveCfg = Debug|Any CPU
		{17350816-C185-461A-B875-2745A5FA0113}.Debug|Any CPU.Build.0 = Debug|Any CPU
		{17350816-C185-461A-B875-2745A5FA0113}.Release|Any CPU.ActiveCfg = Release|Any CPU
		{17350816-C185-461A-B875-2745A5FA0113}.Release|Any CPU.Build.0 = Release|Any CPU
	EndGlobalSection
	GlobalSection(SolutionProperties) = preSolution
		HideSolutionNode = FALSE
	EndGlobalSection
	GlobalSection(NestedProjects) = preSolution
		{EBFE29A7-3463-4526-99CD-D4216B86B922} = {AE7F1411-7F3D-4A86-8410-5F81E4A265FE}
		{17350816-C185-461A-B875-2745A5FA0113} = {EBFE29A7-3463-4526-99CD-D4216B86B922}
	EndGlobalSection
EndGlobal
