
Microsoft Visual Studio Solution File, Format Version 12.00
# Visual Studio Version 17
VisualStudioVersion = 17.0.31903.59
MinimumVisualStudioVersion = 10.0.40219.1
Project("{2150E333-8FDC-42A3-9474-1A3956D46DE8}") = "Services", "Services", "{AE7F1411-7F3D-4A86-8410-5F81E4A265FE}"
EndProject
Project("{2150E333-8FDC-42A3-9474-1A3956D46DE8}") = "Catalog", "Catalog", "{EBFE29A7-3463-4526-99CD-D4216B86B922}"
EndProject
Project("{2150E333-8FDC-42A3-9474-1A3956D46DE8}") = "BuildingBlocks", "BuildingBlocks", "{B2C80273-E514-458C-B70B-471FD7984868}"
EndProject
Project("{FAE04EC0-301F-11D3-BF4B-00C04F79EFBC}") = "BuildingBlocks", "BuildingBlocks\BuildingBlocks.csproj", "{7E2773FE-493C-47BF-A8A0-5807745B66B9}"
EndProject
Project("{2150E333-8FDC-42A3-9474-1A3956D46DE8}") = "Documentation", "Documentation", "{A4C6F574-83B8-4CD0-A22F-DA76489FA703}"
	ProjectSection(SolutionItems) = preProject
		Services\Catalog\CatalogDocumentation.md = Services\Catalog\CatalogDocumentation.md
	EndProjectSection
EndProject
Project("{2150E333-8FDC-42A3-9474-1A3956D46DE8}") = "Xtensions", "Xtensions", "{04C6B2E9-B46C-4EB3-A5CB-95B1D33A6108}"
	ProjectSection(SolutionItems) = preProject
		docker-compose.override.yml = docker-compose.override.yml
		docker-compose.yml = docker-compose.yml
		thunder-collection_CloudNative-Microservices.json = thunder-collection_CloudNative-Microservices.json
		thunder-environment_localhost.json = thunder-environment_localhost.json
		thunder-environment_Docker.json = thunder-environment_Docker.json
		migrate.sh = migrate.sh
	EndProjectSection
EndProject
Project("{FAE04EC0-301F-11D3-BF4B-00C04F79EFBC}") = "Catalog.API", "Services\Catalog\Catalog.API\Catalog.API.csproj", "{0425D72B-F9E3-43EA-BC91-F4A7FD231F2C}"
EndProject
Project("{2150E333-8FDC-42A3-9474-1A3956D46DE8}") = "Documentation", "Documentation", "{08774388-286F-434C-9E25-BC58B7586A64}"
	ProjectSection(SolutionItems) = preProject
		Services\Basket\BasketDocumentation.md = Services\Basket\BasketDocumentation.md
	EndProjectSection
EndProject
Project("{2150E333-8FDC-42A3-9474-1A3956D46DE8}") = "Basket", "Basket", "{8A9DD827-BD15-47C3-936E-277BB9B46430}"
EndProject
Project("{FAE04EC0-301F-11D3-BF4B-00C04F79EFBC}") = "Basket.API", "Services\Basket\Basket.API\Basket.API.csproj", "{DD174CC1-BA7E-4F8B-A149-782F47E96C0A}"
EndProject
Project("{2150E333-8FDC-42A3-9474-1A3956D46DE8}") = "Ordering", "Ordering", "{387B199A-502C-4559-87B7-7D8F78A2AF93}"
	ProjectSection(SolutionItems) = preProject
		GlobalUsings.cs = GlobalUsings.cs
	EndProjectSection
EndProject
Project("{2150E333-8FDC-42A3-9474-1A3956D46DE8}") = "Discount", "Discount", "{93A00F9B-418E-4570-86AB-944612A72DA0}"
EndProject
Project("{FAE04EC0-301F-11D3-BF4B-00C04F79EFBC}") = "Discount.Grpc", "Services\Discount\Discount.Grpc\Discount.Grpc.csproj", "{90328617-DA38-460D-8EAA-66A0086FF901}"
EndProject
Project("{FAE04EC0-301F-11D3-BF4B-00C04F79EFBC}") = "Ordering.API", "Services\Ordering\Ordering.API\Ordering.API.csproj", "{D382CDBE-CE5A-42D2-9DB2-2571BAA4CD15}"
EndProject
Project("{FAE04EC0-301F-11D3-BF4B-00C04F79EFBC}") = "Ordering.Domain", "Services\Ordering\Ordering.Domain\Ordering.Domain.csproj", "{316E553E-5FE6-421A-A65F-EA8A44E57AC1}"
EndProject
Project("{FAE04EC0-301F-11D3-BF4B-00C04F79EFBC}") = "Ordering.Application", "Services\Ordering\Ordering.Application\Ordering.Application.csproj", "{844A73F0-6547-4C15-AD01-E546AED868C3}"
EndProject
Project("{FAE04EC0-301F-11D3-BF4B-00C04F79EFBC}") = "Ordering.Infrastructure", "Services\Ordering\Ordering.Infrastructure\Ordering.Infrastructure.csproj", "{718B288D-7635-45B6-9C77-C20E744C2CDC}"
EndProject
Global
	GlobalSection(SolutionConfigurationPlatforms) = preSolution
		Debug|Any CPU = Debug|Any CPU
		Release|Any CPU = Release|Any CPU
	EndGlobalSection
	GlobalSection(ProjectConfigurationPlatforms) = postSolution
		{7E2773FE-493C-47BF-A8A0-5807745B66B9}.Debug|Any CPU.ActiveCfg = Debug|Any CPU
		{7E2773FE-493C-47BF-A8A0-5807745B66B9}.Debug|Any CPU.Build.0 = Debug|Any CPU
		{7E2773FE-493C-47BF-A8A0-5807745B66B9}.Release|Any CPU.ActiveCfg = Release|Any CPU
		{7E2773FE-493C-47BF-A8A0-5807745B66B9}.Release|Any CPU.Build.0 = Release|Any CPU
		{0425D72B-F9E3-43EA-BC91-F4A7FD231F2C}.Debug|Any CPU.ActiveCfg = Debug|Any CPU
		{0425D72B-F9E3-43EA-BC91-F4A7FD231F2C}.Debug|Any CPU.Build.0 = Debug|Any CPU
		{0425D72B-F9E3-43EA-BC91-F4A7FD231F2C}.Release|Any CPU.ActiveCfg = Release|Any CPU
		{0425D72B-F9E3-43EA-BC91-F4A7FD231F2C}.Release|Any CPU.Build.0 = Release|Any CPU
		{DD174CC1-BA7E-4F8B-A149-782F47E96C0A}.Debug|Any CPU.ActiveCfg = Debug|Any CPU
		{DD174CC1-BA7E-4F8B-A149-782F47E96C0A}.Debug|Any CPU.Build.0 = Debug|Any CPU
		{DD174CC1-BA7E-4F8B-A149-782F47E96C0A}.Release|Any CPU.ActiveCfg = Release|Any CPU
		{DD174CC1-BA7E-4F8B-A149-782F47E96C0A}.Release|Any CPU.Build.0 = Release|Any CPU
		{90328617-DA38-460D-8EAA-66A0086FF901}.Debug|Any CPU.ActiveCfg = Debug|Any CPU
		{90328617-DA38-460D-8EAA-66A0086FF901}.Debug|Any CPU.Build.0 = Debug|Any CPU
		{90328617-DA38-460D-8EAA-66A0086FF901}.Release|Any CPU.ActiveCfg = Release|Any CPU
		{90328617-DA38-460D-8EAA-66A0086FF901}.Release|Any CPU.Build.0 = Release|Any CPU
		{D382CDBE-CE5A-42D2-9DB2-2571BAA4CD15}.Debug|Any CPU.ActiveCfg = Debug|Any CPU
		{D382CDBE-CE5A-42D2-9DB2-2571BAA4CD15}.Debug|Any CPU.Build.0 = Debug|Any CPU
		{D382CDBE-CE5A-42D2-9DB2-2571BAA4CD15}.Release|Any CPU.ActiveCfg = Release|Any CPU
		{D382CDBE-CE5A-42D2-9DB2-2571BAA4CD15}.Release|Any CPU.Build.0 = Release|Any CPU
		{316E553E-5FE6-421A-A65F-EA8A44E57AC1}.Debug|Any CPU.ActiveCfg = Debug|Any CPU
		{316E553E-5FE6-421A-A65F-EA8A44E57AC1}.Debug|Any CPU.Build.0 = Debug|Any CPU
		{316E553E-5FE6-421A-A65F-EA8A44E57AC1}.Release|Any CPU.ActiveCfg = Release|Any CPU
		{316E553E-5FE6-421A-A65F-EA8A44E57AC1}.Release|Any CPU.Build.0 = Release|Any CPU
		{844A73F0-6547-4C15-AD01-E546AED868C3}.Debug|Any CPU.ActiveCfg = Debug|Any CPU
		{844A73F0-6547-4C15-AD01-E546AED868C3}.Debug|Any CPU.Build.0 = Debug|Any CPU
		{844A73F0-6547-4C15-AD01-E546AED868C3}.Release|Any CPU.ActiveCfg = Release|Any CPU
		{844A73F0-6547-4C15-AD01-E546AED868C3}.Release|Any CPU.Build.0 = Release|Any CPU
		{718B288D-7635-45B6-9C77-C20E744C2CDC}.Debug|Any CPU.ActiveCfg = Debug|Any CPU
		{718B288D-7635-45B6-9C77-C20E744C2CDC}.Debug|Any CPU.Build.0 = Debug|Any CPU
		{718B288D-7635-45B6-9C77-C20E744C2CDC}.Release|Any CPU.ActiveCfg = Release|Any CPU
		{718B288D-7635-45B6-9C77-C20E744C2CDC}.Release|Any CPU.Build.0 = Release|Any CPU
	EndGlobalSection
	GlobalSection(SolutionProperties) = preSolution
		HideSolutionNode = FALSE
	EndGlobalSection
	GlobalSection(NestedProjects) = preSolution
		{EBFE29A7-3463-4526-99CD-D4216B86B922} = {AE7F1411-7F3D-4A86-8410-5F81E4A265FE}
		{7E2773FE-493C-47BF-A8A0-5807745B66B9} = {B2C80273-E514-458C-B70B-471FD7984868}
		{A4C6F574-83B8-4CD0-A22F-DA76489FA703} = {EBFE29A7-3463-4526-99CD-D4216B86B922}
		{0425D72B-F9E3-43EA-BC91-F4A7FD231F2C} = {EBFE29A7-3463-4526-99CD-D4216B86B922}
		{08774388-286F-434C-9E25-BC58B7586A64} = {8A9DD827-BD15-47C3-936E-277BB9B46430}
		{8A9DD827-BD15-47C3-936E-277BB9B46430} = {AE7F1411-7F3D-4A86-8410-5F81E4A265FE}
		{DD174CC1-BA7E-4F8B-A149-782F47E96C0A} = {8A9DD827-BD15-47C3-936E-277BB9B46430}
		{387B199A-502C-4559-87B7-7D8F78A2AF93} = {AE7F1411-7F3D-4A86-8410-5F81E4A265FE}
		{93A00F9B-418E-4570-86AB-944612A72DA0} = {AE7F1411-7F3D-4A86-8410-5F81E4A265FE}
		{90328617-DA38-460D-8EAA-66A0086FF901} = {93A00F9B-418E-4570-86AB-944612A72DA0}
		{D382CDBE-CE5A-42D2-9DB2-2571BAA4CD15} = {387B199A-502C-4559-87B7-7D8F78A2AF93}
		{316E553E-5FE6-421A-A65F-EA8A44E57AC1} = {387B199A-502C-4559-87B7-7D8F78A2AF93}
		{844A73F0-6547-4C15-AD01-E546AED868C3} = {387B199A-502C-4559-87B7-7D8F78A2AF93}
		{718B288D-7635-45B6-9C77-C20E744C2CDC} = {387B199A-502C-4559-87B7-7D8F78A2AF93}
	EndGlobalSection
EndGlobal
